
Microsoft Visual Studio Solution File, Format Version 12.00
# Visual Studio 2013
VisualStudioVersion = 12.0.31101.0
MinimumVisualStudioVersion = 10.0.40219.1
Project("{FAE04EC0-301F-11D3-BF4B-00C04F79EFBC}") = "001.Cake Tycoon", "001.Cake Tycoon\001.Cake Tycoon.csproj", "{6085E288-E401-408D-B6B4-87FDAE51EE42}"
EndProject
Project("{FAE04EC0-301F-11D3-BF4B-00C04F79EFBC}") = "002.Beer Stock", "002.Beer Stock\002.Beer Stock.csproj", "{F41D9275-B74D-43BA-836D-8DD87F68509A}"
EndProject
Global
	GlobalSection(SolutionConfigurationPlatforms) = preSolution
		Debug|Any CPU = Debug|Any CPU
		Release|Any CPU = Release|Any CPU
	EndGlobalSection
	GlobalSection(ProjectConfigurationPlatforms) = postSolution
		{6085E288-E401-408D-B6B4-87FDAE51EE42}.Debug|Any CPU.ActiveCfg = Debug|Any CPU
		{6085E288-E401-408D-B6B4-87FDAE51EE42}.Debug|Any CPU.Build.0 = Debug|Any CPU
		{6085E288-E401-408D-B6B4-87FDAE51EE42}.Release|Any CPU.ActiveCfg = Release|Any CPU
		{6085E288-E401-408D-B6B4-87FDAE51EE42}.Release|Any CPU.Build.0 = Release|Any CPU
		{F41D9275-B74D-43BA-836D-8DD87F68509A}.Debug|Any CPU.ActiveCfg = Debug|Any CPU
		{F41D9275-B74D-43BA-836D-8DD87F68509A}.Debug|Any CPU.Build.0 = Debug|Any CPU
		{F41D9275-B74D-43BA-836D-8DD87F68509A}.Release|Any CPU.ActiveCfg = Release|Any CPU
		{F41D9275-B74D-43BA-836D-8DD87F68509A}.Release|Any CPU.Build.0 = Release|Any CPU
	EndGlobalSection
	GlobalSection(SolutionProperties) = preSolution
		HideSolutionNode = FALSE
	EndGlobalSection
EndGlobal
