
Microsoft Visual Studio Solution File, Format Version 12.00
# Visual Studio 2013
VisualStudioVersion = 12.0.31101.0
MinimumVisualStudioVersion = 10.0.40219.1
Project("{FAE04EC0-301F-11D3-BF4B-00C04F79EFBC}") = "001.Cake Tycoon", "001.Cake Tycoon\001.Cake Tycoon.csproj", "{6085E288-E401-408D-B6B4-87FDAE51EE42}"
EndProject
Project("{FAE04EC0-301F-11D3-BF4B-00C04F79EFBC}") = "002.Beer Stock", "002.Beer Stock\002.Beer Stock.csproj", "{F41D9275-B74D-43BA-836D-8DD87F68509A}"
EndProject
Project("{FAE04EC0-301F-11D3-BF4B-00C04F79EFBC}") = "005.Emergency Repairs", "005.Emergency Repairs\005.Emergency Repairs.csproj", "{767AAE32-D7DB-4510-A37C-E5182F8E9F4A}"
EndProject
Project("{FAE04EC0-301F-11D3-BF4B-00C04F79EFBC}") = "004.Master Herbalist", "004.Master Herbalist\004.Master Herbalist.csproj", "{26935AD3-9CD4-4532-AF0F-6863413D7206}"
EndProject
Project("{FAE04EC0-301F-11D3-BF4B-00C04F79EFBC}") = "003.Illuminati Lock", "003.Illuminati Lock\003.Illuminati Lock.csproj", "{19FEE729-DD8F-44C4-ADF8-7DD466816E5B}"
EndProject
Project("{FAE04EC0-301F-11D3-BF4B-00C04F79EFBC}") = "006.InsideTheBuilding", "006.InsideTheBuilding\006.InsideTheBuilding.csproj", "{F80494EC-EDB2-401E-8438-0AACCD2326F1}"
EndProject
Project("{FAE04EC0-301F-11D3-BF4B-00C04F79EFBC}") = "007.Student Cables", "007.Student Cables\007.Student Cables.csproj", "{83C459A7-800E-4F3C-8FBC-439CB47F9C7A}"
EndProject
Project("{FAE04EC0-301F-11D3-BF4B-00C04F79EFBC}") = "008.Programmer DNA", "008.Programmer DNA\008.Programmer DNA.csproj", "{3D8B2813-E6A2-4D37-AE29-1D21A29D3EC6}"
EndProject
Project("{FAE04EC0-301F-11D3-BF4B-00C04F79EFBC}") = "009.Magic Car Numbers", "009.Magic Car Numbers\009.Magic Car Numbers.csproj", "{92B42638-433E-4CDE-B5D3-B4DD97A91473}"
EndProject
Project("{FAE04EC0-301F-11D3-BF4B-00C04F79EFBC}") = "010.Bit Flipper", "010.Bit Flipper\010.Bit Flipper.csproj", "{7D29BAAF-2280-457D-951F-CE5D10B27B5B}"
EndProject
Project("{FAE04EC0-301F-11D3-BF4B-00C04F79EFBC}") = "011.Fruit Market", "011.Fruit Market\011.Fruit Market.csproj", "{CB8B9D95-BC8C-49D5-99EA-6D4227439898}"
EndProject
Project("{FAE04EC0-301F-11D3-BF4B-00C04F79EFBC}") = "012.Biggest Triple", "012.Biggest Triple\012.Biggest Triple.csproj", "{3BADDD20-9828-4796-9325-A94BB02D6FF0}"
EndProject
Project("{FAE04EC0-301F-11D3-BF4B-00C04F79EFBC}") = "013.Wine Glass", "013.Wine Glass\013.Wine Glass.csproj", "{D7C12694-E137-4434-989E-90463E80B012}"
EndProject
Project("{FAE04EC0-301F-11D3-BF4B-00C04F79EFBC}") = "014.LongestAlphbetWord", "014.LongestAlphbetWord\014.LongestAlphbetWord.csproj", "{574F4280-64A9-4E1E-B351-1F33093A5EC4}"
EndProject
Project("{FAE04EC0-301F-11D3-BF4B-00C04F79EFBC}") = "015.Bit Shooter", "015.Bit Shooter\015.Bit Shooter.csproj", "{B275FDE4-99EA-49A2-AA04-BE38BA925828}"
EndProject
Project("{FAE04EC0-301F-11D3-BF4B-00C04F79EFBC}") = "016.Exam Schedule", "016.Exam Schedule\016.Exam Schedule.csproj", "{1DD802CA-30B7-4A4A-8A28-C7A945A62811}"
EndProject
Project("{FAE04EC0-301F-11D3-BF4B-00C04F79EFBC}") = "017.Odd-Even Elements", "017.Odd-Even Elements\017.Odd-Even Elements.csproj", "{B9F30BC5-3806-43E7-B3B3-9171A6305EB8}"
EndProject
Project("{FAE04EC0-301F-11D3-BF4B-00C04F79EFBC}") = "018.Arrow", "018.Arrow\018.Arrow.csproj", "{07C6144B-053C-46B1-91DA-D5BB14147789}"
EndProject
Project("{FAE04EC0-301F-11D3-BF4B-00C04F79EFBC}") = "019.Five Special Letters", "019.FiveSpecialLetters\019.Five Special Letters.csproj", "{1ABF2332-DFC0-411E-9253-6D647C513815}"
EndProject
Project("{FAE04EC0-301F-11D3-BF4B-00C04F79EFBC}") = "020.Bit Roller", "020.Bit Roller\020.Bit Roller.csproj", "{504C878C-25BF-43FB-8276-50318892689A}"
EndProject
Project("{FAE04EC0-301F-11D3-BF4B-00C04F79EFBC}") = "021.Triangle", "021.Triangle\021.Triangle.csproj", "{D2D926F3-D071-4DA9-8D37-0D20570CF23F}"
EndProject
Project("{FAE04EC0-301F-11D3-BF4B-00C04F79EFBC}") = "022.House", "022.House\022.House.csproj", "{2BB81FFF-FF2D-4DF9-990B-213EFD0BBF27}"
EndProject
Project("{FAE04EC0-301F-11D3-BF4B-00C04F79EFBC}") = "023.Pairs", "023.Pairs\023.Pairs.csproj", "{11C751E3-726E-48E8-92C6-E019AFF130A7}"
EndProject
Project("{FAE04EC0-301F-11D3-BF4B-00C04F79EFBC}") = "024.Magic Dates", "024.Magic Dates\024.Magic Dates.csproj", "{5FEEFCA3-2DEE-4F39-B506-22091A6A21B2}"
EndProject
Project("{FAE04EC0-301F-11D3-BF4B-00C04F79EFBC}") = "025.Bits Killer", "025.Bits Killer\025.Bits Killer.csproj", "{1F4A1CA3-395B-4402-9A24-1869CBAE767E}"
EndProject
Project("{FAE04EC0-301F-11D3-BF4B-00C04F79EFBC}") = "026.Cinema", "026.Cinema\026.Cinema.csproj", "{6ED63B4A-0B0E-4524-BB07-C7743CC59191}"
EndProject
Project("{FAE04EC0-301F-11D3-BF4B-00C04F79EFBC}") = "027.Illuminati", "027.Illuminati\027.Illuminati.csproj", "{52292362-217B-45AF-AC17-5D611B050AB5}"
EndProject
Project("{FAE04EC0-301F-11D3-BF4B-00C04F79EFBC}") = "028.New House", "028.New House\028.New House.csproj", "{FADC9ECD-BA8C-4AA3-AE36-76D004BC833C}"
EndProject
Project("{FAE04EC0-301F-11D3-BF4B-00C04F79EFBC}") = "029.Crossing Sequences", "029.Crossing Sequences\029.Crossing Sequences.csproj", "{BD017F12-B8EE-4A00-8D45-98D4D104BA08}"
EndProject
Project("{FAE04EC0-301F-11D3-BF4B-00C04F79EFBC}") = "030.Catch the Bits", "030.Catch the Bits\030.Catch the Bits.csproj", "{DF685099-408B-4185-8BC7-4A81F358A399}"
EndProject
Project("{FAE04EC0-301F-11D3-BF4B-00C04F79EFBC}") = "031.Work Hours", "031.Work Hours\031.Work Hours.csproj", "{C853C2D8-537E-403B-A4FC-E1CBCF5A7FD0}"
EndProject
Project("{FAE04EC0-301F-11D3-BF4B-00C04F79EFBC}") = "032.Sum of Elements", "032.Sum of Elements\032.Sum of Elements.csproj", "{58CE8129-50FD-4E64-B474-E16D7EB2AB0A}"
EndProject
Project("{FAE04EC0-301F-11D3-BF4B-00C04F79EFBC}") = "033.The Explorer", "033.The Explorer\033.The Explorer.csproj", "{D2083901-7038-4DE0-AF7B-A1A6A3A1DC4A}"
EndProject
Project("{FAE04EC0-301F-11D3-BF4B-00C04F79EFBC}") = "034.Magic Strings", "034.Magic Strings\034.Magic Strings.csproj", "{F2ED6DA7-0D36-4A03-8403-D3D2C952CDF2}"
EndProject
Project("{FAE04EC0-301F-11D3-BF4B-00C04F79EFBC}") = "035.Bit Sifting", "035.Bit Sifting\035.Bit Sifting.csproj", "{51D0FFD1-3BF0-4BD0-818F-D7F98636ADE9}"
EndProject
Project("{FAE04EC0-301F-11D3-BF4B-00C04F79EFBC}") = "036.Volleyball", "036.Volleyball\036.Volleyball.csproj", "{5A3C8614-31D7-4893-99B8-153F2F8DD7C1}"
EndProject
Project("{FAE04EC0-301F-11D3-BF4B-00C04F79EFBC}") = "037.Odd-Even Sum", "037.Odd-Even Sum\037.Odd-Even Sum.csproj", "{8151BA43-2119-430B-8E7A-3350D5E9F131}"
EndProject
Project("{FAE04EC0-301F-11D3-BF4B-00C04F79EFBC}") = "038.Eclipse", "038.Eclipse\038.Eclipse.csproj", "{384F9A84-49D6-48BE-98E0-32AA31719B66}"
EndProject
Project("{FAE04EC0-301F-11D3-BF4B-00C04F79EFBC}") = "039.Hayvan Numbers", "039.Hayvan Numbers\039.Hayvan Numbers.csproj", "{3730F742-9BD3-44FA-A182-40BFE9B0B00B}"
EndProject
Project("{FAE04EC0-301F-11D3-BF4B-00C04F79EFBC}") = "040.Bits Up", "040.Bits Up\040.Bits Up.csproj", "{7456774A-2767-4E02-A831-0CE72A6487B8}"
EndProject
Project("{FAE04EC0-301F-11D3-BF4B-00C04F79EFBC}") = "041.JoroFootballPlayer", "041.JoroFootballPlayer\041.JoroFootballPlayer.csproj", "{2F444711-9BAE-4A02-9D55-2632B9173342}"
EndProject
Project("{FAE04EC0-301F-11D3-BF4B-00C04F79EFBC}") = "042.Half Sum", "042.Half Sum\042.Half Sum.csproj", "{0564A931-FA95-4761-B180-96D703C5E822}"
EndProject
Project("{FAE04EC0-301F-11D3-BF4B-00C04F79EFBC}") = "043.Sunglasses", "043.Sunglasses\043.Sunglasses.csproj", "{B4D51347-7E1C-4E99-AFD6-236797745E04}"
EndProject
Project("{FAE04EC0-301F-11D3-BF4B-00C04F79EFBC}") = "044.NineDigitMagicNums", "044.NineDigitMagicNums\044.NineDigitMagicNums.csproj", "{DBA743F8-1838-4954-AF75-C160DDA87AAF}"
EndProject
Project("{FAE04EC0-301F-11D3-BF4B-00C04F79EFBC}") = "045.Bits Inverter", "045.Bits Inverter\045.Bits Inverter.csproj", "{5AFD3059-4926-4CA5-A9F2-996742169156}"
EndProject
Project("{FAE04EC0-301F-11D3-BF4B-00C04F79EFBC}") = "046.CartesianCSystem", "046.CartesianCSystem\046.CartesianCSystem.csproj", "{1B37E0BA-C9FA-4EDF-BC38-D4956886769A}"
EndProject
Project("{FAE04EC0-301F-11D3-BF4B-00C04F79EFBC}") = "047.Tribonacci", "047.Tribonacci\047.Tribonacci.csproj", "{A0F3A016-6893-46D8-AF02-AC40E8B22924}"
EndProject
Project("{FAE04EC0-301F-11D3-BF4B-00C04F79EFBC}") = "048.Sand Glass", "048.Sand Glass\048.Sand Glass.csproj", "{E7C8EF97-4076-4619-A037-D6B3166FF795}"
EndProject
Project("{FAE04EC0-301F-11D3-BF4B-00C04F79EFBC}") = "049.Bulls and Cows", "049.Bulls and Cows\049.Bulls and Cows.csproj", "{2727F88D-5EE0-4264-9BEE-540DEAF87C45}"
EndProject
Project("{FAE04EC0-301F-11D3-BF4B-00C04F79EFBC}") = "050.We All Love Bits", "050.We All Love Bits\050.We All Love Bits.csproj", "{67A02A0A-085F-43DB-B39B-07E942004B26}"
EndProject
Project("{FAE04EC0-301F-11D3-BF4B-00C04F79EFBC}") = "051.Fit Box in Box", "051.Fit Box in Box\051.Fit Box in Box.csproj", "{F87CD0C1-91FD-4CE5-A3EE-FFC3C3BD2D8C}"
EndProject
Project("{FAE04EC0-301F-11D3-BF4B-00C04F79EFBC}") = "052.SequenceOfKNumbers", "052.SequenceOfKNumbers\052.SequenceOfKNumbers.csproj", "{E85A0131-685D-4841-9CBF-B878006A2487}"
EndProject
Project("{FAE04EC0-301F-11D3-BF4B-00C04F79EFBC}") = "053.Disk", "053.Disk\053.Disk.csproj", "{D4369614-AFF0-4D71-B3D6-BF896E53EF3B}"
EndProject
Project("{FAE04EC0-301F-11D3-BF4B-00C04F79EFBC}") = "054.Poker Straight", "054.Poker Straight\054.Poker Straight.csproj", "{3CA75F7E-0FAD-49F4-9D28-1804B6084D2C}"
EndProject
Project("{FAE04EC0-301F-11D3-BF4B-00C04F79EFBC}") = "055.Friend Bits", "055.Friend Bits\055.Friend Bits.csproj", "{AACEF33D-52F6-4B63-B933-2C77CD164C14}"
EndProject
Project("{FAE04EC0-301F-11D3-BF4B-00C04F79EFBC}") = "056.MelonsWatermelons", "056.MelonsWatermelons\056.MelonsWatermelons.csproj", "{B538B027-650B-43CB-B64C-2690807F2097}"
EndProject
Project("{FAE04EC0-301F-11D3-BF4B-00C04F79EFBC}") = "057.LettersSymbNumb", "057.LettersSymbNumb\057.LettersSymbNumb.csproj", "{BA43B210-0BB0-4B47-B385-0EBAB6E81BFE}"
EndProject
Project("{FAE04EC0-301F-11D3-BF4B-00C04F79EFBC}") = "058.PandaScotlandFlag", "058.PandaScotlandFlag\058.PandaScotlandFlag.csproj", "{8E115024-BB73-4D69-A974-C43B9559CEDB}"
EndProject
Project("{FAE04EC0-301F-11D3-BF4B-00C04F79EFBC}") = "059.Morse Code Numbers", "059.Morse Code Numbers\059.Morse Code Numbers.csproj", "{2E68E0C0-E942-4FBB-BDE4-9602FD8916B0}"
EndProject
Project("{FAE04EC0-301F-11D3-BF4B-00C04F79EFBC}") = "060.Bit Paths", "060.Bit Paths\060.Bit Paths.csproj", "{4B6ABA67-3898-492E-9B71-26DE1412825C}"
EndProject
Project("{FAE04EC0-301F-11D3-BF4B-00C04F79EFBC}") = "061.Electricity", "061.Electricity\061.Electricity.csproj", "{D0F15183-B7EE-4D35-8D94-3CFD77D507C4}"
EndProject
Project("{FAE04EC0-301F-11D3-BF4B-00C04F79EFBC}") = "062.Odd Even Jumps", "062.Odd Even Jumps\062.Odd Even Jumps.csproj", "{E390BA47-2A64-4174-A91F-FEC208A602F6}"
EndProject
Project("{FAE04EC0-301F-11D3-BF4B-00C04F79EFBC}") = "063.House Window", "063.House Window\063.House Window.csproj", "{A75F7E4F-3E9A-4614-A5BF-B438C652B357}"
EndProject
Project("{FAE04EC0-301F-11D3-BF4B-00C04F79EFBC}") = "064.Nakovs Matching", "064.Nakovs Matching\064.Nakovs Matching.csproj", "{D8FC3CCA-22F1-4385-95EF-654AC4C24BF4}"
EndProject
Project("{FAE04EC0-301F-11D3-BF4B-00C04F79EFBC}") = "065.Change Even Bits", "065.Change Even Bits\065.Change Even Bits.csproj", "{A18FABF4-F1FF-470F-8571-491B7DF4B10A}"
EndProject
Global
	GlobalSection(SolutionConfigurationPlatforms) = preSolution
		Debug|Any CPU = Debug|Any CPU
		Release|Any CPU = Release|Any CPU
	EndGlobalSection
	GlobalSection(ProjectConfigurationPlatforms) = postSolution
		{6085E288-E401-408D-B6B4-87FDAE51EE42}.Debug|Any CPU.ActiveCfg = Debug|Any CPU
		{6085E288-E401-408D-B6B4-87FDAE51EE42}.Debug|Any CPU.Build.0 = Debug|Any CPU
		{6085E288-E401-408D-B6B4-87FDAE51EE42}.Release|Any CPU.ActiveCfg = Release|Any CPU
		{6085E288-E401-408D-B6B4-87FDAE51EE42}.Release|Any CPU.Build.0 = Release|Any CPU
		{F41D9275-B74D-43BA-836D-8DD87F68509A}.Debug|Any CPU.ActiveCfg = Debug|Any CPU
		{F41D9275-B74D-43BA-836D-8DD87F68509A}.Debug|Any CPU.Build.0 = Debug|Any CPU
		{F41D9275-B74D-43BA-836D-8DD87F68509A}.Release|Any CPU.ActiveCfg = Release|Any CPU
		{F41D9275-B74D-43BA-836D-8DD87F68509A}.Release|Any CPU.Build.0 = Release|Any CPU
		{767AAE32-D7DB-4510-A37C-E5182F8E9F4A}.Debug|Any CPU.ActiveCfg = Debug|Any CPU
		{767AAE32-D7DB-4510-A37C-E5182F8E9F4A}.Debug|Any CPU.Build.0 = Debug|Any CPU
		{767AAE32-D7DB-4510-A37C-E5182F8E9F4A}.Release|Any CPU.ActiveCfg = Release|Any CPU
		{767AAE32-D7DB-4510-A37C-E5182F8E9F4A}.Release|Any CPU.Build.0 = Release|Any CPU
		{26935AD3-9CD4-4532-AF0F-6863413D7206}.Debug|Any CPU.ActiveCfg = Debug|Any CPU
		{26935AD3-9CD4-4532-AF0F-6863413D7206}.Debug|Any CPU.Build.0 = Debug|Any CPU
		{26935AD3-9CD4-4532-AF0F-6863413D7206}.Release|Any CPU.ActiveCfg = Release|Any CPU
		{26935AD3-9CD4-4532-AF0F-6863413D7206}.Release|Any CPU.Build.0 = Release|Any CPU
		{19FEE729-DD8F-44C4-ADF8-7DD466816E5B}.Debug|Any CPU.ActiveCfg = Debug|Any CPU
		{19FEE729-DD8F-44C4-ADF8-7DD466816E5B}.Debug|Any CPU.Build.0 = Debug|Any CPU
		{19FEE729-DD8F-44C4-ADF8-7DD466816E5B}.Release|Any CPU.ActiveCfg = Release|Any CPU
		{19FEE729-DD8F-44C4-ADF8-7DD466816E5B}.Release|Any CPU.Build.0 = Release|Any CPU
		{F80494EC-EDB2-401E-8438-0AACCD2326F1}.Debug|Any CPU.ActiveCfg = Debug|Any CPU
		{F80494EC-EDB2-401E-8438-0AACCD2326F1}.Debug|Any CPU.Build.0 = Debug|Any CPU
		{F80494EC-EDB2-401E-8438-0AACCD2326F1}.Release|Any CPU.ActiveCfg = Release|Any CPU
		{F80494EC-EDB2-401E-8438-0AACCD2326F1}.Release|Any CPU.Build.0 = Release|Any CPU
		{83C459A7-800E-4F3C-8FBC-439CB47F9C7A}.Debug|Any CPU.ActiveCfg = Debug|Any CPU
		{83C459A7-800E-4F3C-8FBC-439CB47F9C7A}.Debug|Any CPU.Build.0 = Debug|Any CPU
		{83C459A7-800E-4F3C-8FBC-439CB47F9C7A}.Release|Any CPU.ActiveCfg = Release|Any CPU
		{83C459A7-800E-4F3C-8FBC-439CB47F9C7A}.Release|Any CPU.Build.0 = Release|Any CPU
		{3D8B2813-E6A2-4D37-AE29-1D21A29D3EC6}.Debug|Any CPU.ActiveCfg = Debug|Any CPU
		{3D8B2813-E6A2-4D37-AE29-1D21A29D3EC6}.Debug|Any CPU.Build.0 = Debug|Any CPU
		{3D8B2813-E6A2-4D37-AE29-1D21A29D3EC6}.Release|Any CPU.ActiveCfg = Release|Any CPU
		{3D8B2813-E6A2-4D37-AE29-1D21A29D3EC6}.Release|Any CPU.Build.0 = Release|Any CPU
		{92B42638-433E-4CDE-B5D3-B4DD97A91473}.Debug|Any CPU.ActiveCfg = Debug|Any CPU
		{92B42638-433E-4CDE-B5D3-B4DD97A91473}.Debug|Any CPU.Build.0 = Debug|Any CPU
		{92B42638-433E-4CDE-B5D3-B4DD97A91473}.Release|Any CPU.ActiveCfg = Release|Any CPU
		{92B42638-433E-4CDE-B5D3-B4DD97A91473}.Release|Any CPU.Build.0 = Release|Any CPU
		{7D29BAAF-2280-457D-951F-CE5D10B27B5B}.Debug|Any CPU.ActiveCfg = Debug|Any CPU
		{7D29BAAF-2280-457D-951F-CE5D10B27B5B}.Debug|Any CPU.Build.0 = Debug|Any CPU
		{7D29BAAF-2280-457D-951F-CE5D10B27B5B}.Release|Any CPU.ActiveCfg = Release|Any CPU
		{7D29BAAF-2280-457D-951F-CE5D10B27B5B}.Release|Any CPU.Build.0 = Release|Any CPU
		{CB8B9D95-BC8C-49D5-99EA-6D4227439898}.Debug|Any CPU.ActiveCfg = Debug|Any CPU
		{CB8B9D95-BC8C-49D5-99EA-6D4227439898}.Debug|Any CPU.Build.0 = Debug|Any CPU
		{CB8B9D95-BC8C-49D5-99EA-6D4227439898}.Release|Any CPU.ActiveCfg = Release|Any CPU
		{CB8B9D95-BC8C-49D5-99EA-6D4227439898}.Release|Any CPU.Build.0 = Release|Any CPU
		{3BADDD20-9828-4796-9325-A94BB02D6FF0}.Debug|Any CPU.ActiveCfg = Debug|Any CPU
		{3BADDD20-9828-4796-9325-A94BB02D6FF0}.Debug|Any CPU.Build.0 = Debug|Any CPU
		{3BADDD20-9828-4796-9325-A94BB02D6FF0}.Release|Any CPU.ActiveCfg = Release|Any CPU
		{3BADDD20-9828-4796-9325-A94BB02D6FF0}.Release|Any CPU.Build.0 = Release|Any CPU
		{D7C12694-E137-4434-989E-90463E80B012}.Debug|Any CPU.ActiveCfg = Debug|Any CPU
		{D7C12694-E137-4434-989E-90463E80B012}.Debug|Any CPU.Build.0 = Debug|Any CPU
		{D7C12694-E137-4434-989E-90463E80B012}.Release|Any CPU.ActiveCfg = Release|Any CPU
		{D7C12694-E137-4434-989E-90463E80B012}.Release|Any CPU.Build.0 = Release|Any CPU
		{574F4280-64A9-4E1E-B351-1F33093A5EC4}.Debug|Any CPU.ActiveCfg = Debug|Any CPU
		{574F4280-64A9-4E1E-B351-1F33093A5EC4}.Debug|Any CPU.Build.0 = Debug|Any CPU
		{574F4280-64A9-4E1E-B351-1F33093A5EC4}.Release|Any CPU.ActiveCfg = Release|Any CPU
		{574F4280-64A9-4E1E-B351-1F33093A5EC4}.Release|Any CPU.Build.0 = Release|Any CPU
		{B275FDE4-99EA-49A2-AA04-BE38BA925828}.Debug|Any CPU.ActiveCfg = Debug|Any CPU
		{B275FDE4-99EA-49A2-AA04-BE38BA925828}.Debug|Any CPU.Build.0 = Debug|Any CPU
		{B275FDE4-99EA-49A2-AA04-BE38BA925828}.Release|Any CPU.ActiveCfg = Release|Any CPU
		{B275FDE4-99EA-49A2-AA04-BE38BA925828}.Release|Any CPU.Build.0 = Release|Any CPU
		{1DD802CA-30B7-4A4A-8A28-C7A945A62811}.Debug|Any CPU.ActiveCfg = Debug|Any CPU
		{1DD802CA-30B7-4A4A-8A28-C7A945A62811}.Debug|Any CPU.Build.0 = Debug|Any CPU
		{1DD802CA-30B7-4A4A-8A28-C7A945A62811}.Release|Any CPU.ActiveCfg = Release|Any CPU
		{1DD802CA-30B7-4A4A-8A28-C7A945A62811}.Release|Any CPU.Build.0 = Release|Any CPU
		{B9F30BC5-3806-43E7-B3B3-9171A6305EB8}.Debug|Any CPU.ActiveCfg = Debug|Any CPU
		{B9F30BC5-3806-43E7-B3B3-9171A6305EB8}.Debug|Any CPU.Build.0 = Debug|Any CPU
		{B9F30BC5-3806-43E7-B3B3-9171A6305EB8}.Release|Any CPU.ActiveCfg = Release|Any CPU
		{B9F30BC5-3806-43E7-B3B3-9171A6305EB8}.Release|Any CPU.Build.0 = Release|Any CPU
		{07C6144B-053C-46B1-91DA-D5BB14147789}.Debug|Any CPU.ActiveCfg = Debug|Any CPU
		{07C6144B-053C-46B1-91DA-D5BB14147789}.Debug|Any CPU.Build.0 = Debug|Any CPU
		{07C6144B-053C-46B1-91DA-D5BB14147789}.Release|Any CPU.ActiveCfg = Release|Any CPU
		{07C6144B-053C-46B1-91DA-D5BB14147789}.Release|Any CPU.Build.0 = Release|Any CPU
		{1ABF2332-DFC0-411E-9253-6D647C513815}.Debug|Any CPU.ActiveCfg = Debug|Any CPU
		{1ABF2332-DFC0-411E-9253-6D647C513815}.Debug|Any CPU.Build.0 = Debug|Any CPU
		{1ABF2332-DFC0-411E-9253-6D647C513815}.Release|Any CPU.ActiveCfg = Release|Any CPU
		{1ABF2332-DFC0-411E-9253-6D647C513815}.Release|Any CPU.Build.0 = Release|Any CPU
		{504C878C-25BF-43FB-8276-50318892689A}.Debug|Any CPU.ActiveCfg = Debug|Any CPU
		{504C878C-25BF-43FB-8276-50318892689A}.Debug|Any CPU.Build.0 = Debug|Any CPU
		{504C878C-25BF-43FB-8276-50318892689A}.Release|Any CPU.ActiveCfg = Release|Any CPU
		{504C878C-25BF-43FB-8276-50318892689A}.Release|Any CPU.Build.0 = Release|Any CPU
		{D2D926F3-D071-4DA9-8D37-0D20570CF23F}.Debug|Any CPU.ActiveCfg = Debug|Any CPU
		{D2D926F3-D071-4DA9-8D37-0D20570CF23F}.Debug|Any CPU.Build.0 = Debug|Any CPU
		{D2D926F3-D071-4DA9-8D37-0D20570CF23F}.Release|Any CPU.ActiveCfg = Release|Any CPU
		{D2D926F3-D071-4DA9-8D37-0D20570CF23F}.Release|Any CPU.Build.0 = Release|Any CPU
		{2BB81FFF-FF2D-4DF9-990B-213EFD0BBF27}.Debug|Any CPU.ActiveCfg = Debug|Any CPU
		{2BB81FFF-FF2D-4DF9-990B-213EFD0BBF27}.Debug|Any CPU.Build.0 = Debug|Any CPU
		{2BB81FFF-FF2D-4DF9-990B-213EFD0BBF27}.Release|Any CPU.ActiveCfg = Release|Any CPU
		{2BB81FFF-FF2D-4DF9-990B-213EFD0BBF27}.Release|Any CPU.Build.0 = Release|Any CPU
		{11C751E3-726E-48E8-92C6-E019AFF130A7}.Debug|Any CPU.ActiveCfg = Debug|Any CPU
		{11C751E3-726E-48E8-92C6-E019AFF130A7}.Debug|Any CPU.Build.0 = Debug|Any CPU
		{11C751E3-726E-48E8-92C6-E019AFF130A7}.Release|Any CPU.ActiveCfg = Release|Any CPU
		{11C751E3-726E-48E8-92C6-E019AFF130A7}.Release|Any CPU.Build.0 = Release|Any CPU
		{5FEEFCA3-2DEE-4F39-B506-22091A6A21B2}.Debug|Any CPU.ActiveCfg = Debug|Any CPU
		{5FEEFCA3-2DEE-4F39-B506-22091A6A21B2}.Debug|Any CPU.Build.0 = Debug|Any CPU
		{5FEEFCA3-2DEE-4F39-B506-22091A6A21B2}.Release|Any CPU.ActiveCfg = Release|Any CPU
		{5FEEFCA3-2DEE-4F39-B506-22091A6A21B2}.Release|Any CPU.Build.0 = Release|Any CPU
		{1F4A1CA3-395B-4402-9A24-1869CBAE767E}.Debug|Any CPU.ActiveCfg = Debug|Any CPU
		{1F4A1CA3-395B-4402-9A24-1869CBAE767E}.Debug|Any CPU.Build.0 = Debug|Any CPU
		{1F4A1CA3-395B-4402-9A24-1869CBAE767E}.Release|Any CPU.ActiveCfg = Release|Any CPU
		{1F4A1CA3-395B-4402-9A24-1869CBAE767E}.Release|Any CPU.Build.0 = Release|Any CPU
		{6ED63B4A-0B0E-4524-BB07-C7743CC59191}.Debug|Any CPU.ActiveCfg = Debug|Any CPU
		{6ED63B4A-0B0E-4524-BB07-C7743CC59191}.Debug|Any CPU.Build.0 = Debug|Any CPU
		{6ED63B4A-0B0E-4524-BB07-C7743CC59191}.Release|Any CPU.ActiveCfg = Release|Any CPU
		{6ED63B4A-0B0E-4524-BB07-C7743CC59191}.Release|Any CPU.Build.0 = Release|Any CPU
		{52292362-217B-45AF-AC17-5D611B050AB5}.Debug|Any CPU.ActiveCfg = Debug|Any CPU
		{52292362-217B-45AF-AC17-5D611B050AB5}.Debug|Any CPU.Build.0 = Debug|Any CPU
		{52292362-217B-45AF-AC17-5D611B050AB5}.Release|Any CPU.ActiveCfg = Release|Any CPU
		{52292362-217B-45AF-AC17-5D611B050AB5}.Release|Any CPU.Build.0 = Release|Any CPU
		{FADC9ECD-BA8C-4AA3-AE36-76D004BC833C}.Debug|Any CPU.ActiveCfg = Debug|Any CPU
		{FADC9ECD-BA8C-4AA3-AE36-76D004BC833C}.Debug|Any CPU.Build.0 = Debug|Any CPU
		{FADC9ECD-BA8C-4AA3-AE36-76D004BC833C}.Release|Any CPU.ActiveCfg = Release|Any CPU
		{FADC9ECD-BA8C-4AA3-AE36-76D004BC833C}.Release|Any CPU.Build.0 = Release|Any CPU
		{BD017F12-B8EE-4A00-8D45-98D4D104BA08}.Debug|Any CPU.ActiveCfg = Debug|Any CPU
		{BD017F12-B8EE-4A00-8D45-98D4D104BA08}.Debug|Any CPU.Build.0 = Debug|Any CPU
		{BD017F12-B8EE-4A00-8D45-98D4D104BA08}.Release|Any CPU.ActiveCfg = Release|Any CPU
		{BD017F12-B8EE-4A00-8D45-98D4D104BA08}.Release|Any CPU.Build.0 = Release|Any CPU
		{DF685099-408B-4185-8BC7-4A81F358A399}.Debug|Any CPU.ActiveCfg = Debug|Any CPU
		{DF685099-408B-4185-8BC7-4A81F358A399}.Debug|Any CPU.Build.0 = Debug|Any CPU
		{DF685099-408B-4185-8BC7-4A81F358A399}.Release|Any CPU.ActiveCfg = Release|Any CPU
		{DF685099-408B-4185-8BC7-4A81F358A399}.Release|Any CPU.Build.0 = Release|Any CPU
		{C853C2D8-537E-403B-A4FC-E1CBCF5A7FD0}.Debug|Any CPU.ActiveCfg = Debug|Any CPU
		{C853C2D8-537E-403B-A4FC-E1CBCF5A7FD0}.Debug|Any CPU.Build.0 = Debug|Any CPU
		{C853C2D8-537E-403B-A4FC-E1CBCF5A7FD0}.Release|Any CPU.ActiveCfg = Release|Any CPU
		{C853C2D8-537E-403B-A4FC-E1CBCF5A7FD0}.Release|Any CPU.Build.0 = Release|Any CPU
		{58CE8129-50FD-4E64-B474-E16D7EB2AB0A}.Debug|Any CPU.ActiveCfg = Debug|Any CPU
		{58CE8129-50FD-4E64-B474-E16D7EB2AB0A}.Debug|Any CPU.Build.0 = Debug|Any CPU
		{58CE8129-50FD-4E64-B474-E16D7EB2AB0A}.Release|Any CPU.ActiveCfg = Release|Any CPU
		{58CE8129-50FD-4E64-B474-E16D7EB2AB0A}.Release|Any CPU.Build.0 = Release|Any CPU
		{D2083901-7038-4DE0-AF7B-A1A6A3A1DC4A}.Debug|Any CPU.ActiveCfg = Debug|Any CPU
		{D2083901-7038-4DE0-AF7B-A1A6A3A1DC4A}.Debug|Any CPU.Build.0 = Debug|Any CPU
		{D2083901-7038-4DE0-AF7B-A1A6A3A1DC4A}.Release|Any CPU.ActiveCfg = Release|Any CPU
		{D2083901-7038-4DE0-AF7B-A1A6A3A1DC4A}.Release|Any CPU.Build.0 = Release|Any CPU
		{F2ED6DA7-0D36-4A03-8403-D3D2C952CDF2}.Debug|Any CPU.ActiveCfg = Debug|Any CPU
		{F2ED6DA7-0D36-4A03-8403-D3D2C952CDF2}.Debug|Any CPU.Build.0 = Debug|Any CPU
		{F2ED6DA7-0D36-4A03-8403-D3D2C952CDF2}.Release|Any CPU.ActiveCfg = Release|Any CPU
		{F2ED6DA7-0D36-4A03-8403-D3D2C952CDF2}.Release|Any CPU.Build.0 = Release|Any CPU
		{51D0FFD1-3BF0-4BD0-818F-D7F98636ADE9}.Debug|Any CPU.ActiveCfg = Debug|Any CPU
		{51D0FFD1-3BF0-4BD0-818F-D7F98636ADE9}.Debug|Any CPU.Build.0 = Debug|Any CPU
		{51D0FFD1-3BF0-4BD0-818F-D7F98636ADE9}.Release|Any CPU.ActiveCfg = Release|Any CPU
		{51D0FFD1-3BF0-4BD0-818F-D7F98636ADE9}.Release|Any CPU.Build.0 = Release|Any CPU
		{5A3C8614-31D7-4893-99B8-153F2F8DD7C1}.Debug|Any CPU.ActiveCfg = Debug|Any CPU
		{5A3C8614-31D7-4893-99B8-153F2F8DD7C1}.Debug|Any CPU.Build.0 = Debug|Any CPU
		{5A3C8614-31D7-4893-99B8-153F2F8DD7C1}.Release|Any CPU.ActiveCfg = Release|Any CPU
		{5A3C8614-31D7-4893-99B8-153F2F8DD7C1}.Release|Any CPU.Build.0 = Release|Any CPU
		{8151BA43-2119-430B-8E7A-3350D5E9F131}.Debug|Any CPU.ActiveCfg = Debug|Any CPU
		{8151BA43-2119-430B-8E7A-3350D5E9F131}.Debug|Any CPU.Build.0 = Debug|Any CPU
		{8151BA43-2119-430B-8E7A-3350D5E9F131}.Release|Any CPU.ActiveCfg = Release|Any CPU
		{8151BA43-2119-430B-8E7A-3350D5E9F131}.Release|Any CPU.Build.0 = Release|Any CPU
		{384F9A84-49D6-48BE-98E0-32AA31719B66}.Debug|Any CPU.ActiveCfg = Debug|Any CPU
		{384F9A84-49D6-48BE-98E0-32AA31719B66}.Debug|Any CPU.Build.0 = Debug|Any CPU
		{384F9A84-49D6-48BE-98E0-32AA31719B66}.Release|Any CPU.ActiveCfg = Release|Any CPU
		{384F9A84-49D6-48BE-98E0-32AA31719B66}.Release|Any CPU.Build.0 = Release|Any CPU
		{3730F742-9BD3-44FA-A182-40BFE9B0B00B}.Debug|Any CPU.ActiveCfg = Debug|Any CPU
		{3730F742-9BD3-44FA-A182-40BFE9B0B00B}.Debug|Any CPU.Build.0 = Debug|Any CPU
		{3730F742-9BD3-44FA-A182-40BFE9B0B00B}.Release|Any CPU.ActiveCfg = Release|Any CPU
		{3730F742-9BD3-44FA-A182-40BFE9B0B00B}.Release|Any CPU.Build.0 = Release|Any CPU
		{7456774A-2767-4E02-A831-0CE72A6487B8}.Debug|Any CPU.ActiveCfg = Debug|Any CPU
		{7456774A-2767-4E02-A831-0CE72A6487B8}.Debug|Any CPU.Build.0 = Debug|Any CPU
		{7456774A-2767-4E02-A831-0CE72A6487B8}.Release|Any CPU.ActiveCfg = Release|Any CPU
		{7456774A-2767-4E02-A831-0CE72A6487B8}.Release|Any CPU.Build.0 = Release|Any CPU
		{2F444711-9BAE-4A02-9D55-2632B9173342}.Debug|Any CPU.ActiveCfg = Debug|Any CPU
		{2F444711-9BAE-4A02-9D55-2632B9173342}.Debug|Any CPU.Build.0 = Debug|Any CPU
		{2F444711-9BAE-4A02-9D55-2632B9173342}.Release|Any CPU.ActiveCfg = Release|Any CPU
		{2F444711-9BAE-4A02-9D55-2632B9173342}.Release|Any CPU.Build.0 = Release|Any CPU
		{0564A931-FA95-4761-B180-96D703C5E822}.Debug|Any CPU.ActiveCfg = Debug|Any CPU
		{0564A931-FA95-4761-B180-96D703C5E822}.Debug|Any CPU.Build.0 = Debug|Any CPU
		{0564A931-FA95-4761-B180-96D703C5E822}.Release|Any CPU.ActiveCfg = Release|Any CPU
		{0564A931-FA95-4761-B180-96D703C5E822}.Release|Any CPU.Build.0 = Release|Any CPU
		{B4D51347-7E1C-4E99-AFD6-236797745E04}.Debug|Any CPU.ActiveCfg = Debug|Any CPU
		{B4D51347-7E1C-4E99-AFD6-236797745E04}.Debug|Any CPU.Build.0 = Debug|Any CPU
		{B4D51347-7E1C-4E99-AFD6-236797745E04}.Release|Any CPU.ActiveCfg = Release|Any CPU
		{B4D51347-7E1C-4E99-AFD6-236797745E04}.Release|Any CPU.Build.0 = Release|Any CPU
		{DBA743F8-1838-4954-AF75-C160DDA87AAF}.Debug|Any CPU.ActiveCfg = Debug|Any CPU
		{DBA743F8-1838-4954-AF75-C160DDA87AAF}.Debug|Any CPU.Build.0 = Debug|Any CPU
		{DBA743F8-1838-4954-AF75-C160DDA87AAF}.Release|Any CPU.ActiveCfg = Release|Any CPU
		{DBA743F8-1838-4954-AF75-C160DDA87AAF}.Release|Any CPU.Build.0 = Release|Any CPU
		{5AFD3059-4926-4CA5-A9F2-996742169156}.Debug|Any CPU.ActiveCfg = Debug|Any CPU
		{5AFD3059-4926-4CA5-A9F2-996742169156}.Debug|Any CPU.Build.0 = Debug|Any CPU
		{5AFD3059-4926-4CA5-A9F2-996742169156}.Release|Any CPU.ActiveCfg = Release|Any CPU
		{5AFD3059-4926-4CA5-A9F2-996742169156}.Release|Any CPU.Build.0 = Release|Any CPU
		{1B37E0BA-C9FA-4EDF-BC38-D4956886769A}.Debug|Any CPU.ActiveCfg = Debug|Any CPU
		{1B37E0BA-C9FA-4EDF-BC38-D4956886769A}.Debug|Any CPU.Build.0 = Debug|Any CPU
		{1B37E0BA-C9FA-4EDF-BC38-D4956886769A}.Release|Any CPU.ActiveCfg = Release|Any CPU
		{1B37E0BA-C9FA-4EDF-BC38-D4956886769A}.Release|Any CPU.Build.0 = Release|Any CPU
		{A0F3A016-6893-46D8-AF02-AC40E8B22924}.Debug|Any CPU.ActiveCfg = Debug|Any CPU
		{A0F3A016-6893-46D8-AF02-AC40E8B22924}.Debug|Any CPU.Build.0 = Debug|Any CPU
		{A0F3A016-6893-46D8-AF02-AC40E8B22924}.Release|Any CPU.ActiveCfg = Release|Any CPU
		{A0F3A016-6893-46D8-AF02-AC40E8B22924}.Release|Any CPU.Build.0 = Release|Any CPU
		{E7C8EF97-4076-4619-A037-D6B3166FF795}.Debug|Any CPU.ActiveCfg = Debug|Any CPU
		{E7C8EF97-4076-4619-A037-D6B3166FF795}.Debug|Any CPU.Build.0 = Debug|Any CPU
		{E7C8EF97-4076-4619-A037-D6B3166FF795}.Release|Any CPU.ActiveCfg = Release|Any CPU
		{E7C8EF97-4076-4619-A037-D6B3166FF795}.Release|Any CPU.Build.0 = Release|Any CPU
		{2727F88D-5EE0-4264-9BEE-540DEAF87C45}.Debug|Any CPU.ActiveCfg = Debug|Any CPU
		{2727F88D-5EE0-4264-9BEE-540DEAF87C45}.Debug|Any CPU.Build.0 = Debug|Any CPU
		{2727F88D-5EE0-4264-9BEE-540DEAF87C45}.Release|Any CPU.ActiveCfg = Release|Any CPU
		{2727F88D-5EE0-4264-9BEE-540DEAF87C45}.Release|Any CPU.Build.0 = Release|Any CPU
		{67A02A0A-085F-43DB-B39B-07E942004B26}.Debug|Any CPU.ActiveCfg = Debug|Any CPU
		{67A02A0A-085F-43DB-B39B-07E942004B26}.Debug|Any CPU.Build.0 = Debug|Any CPU
		{67A02A0A-085F-43DB-B39B-07E942004B26}.Release|Any CPU.ActiveCfg = Release|Any CPU
		{67A02A0A-085F-43DB-B39B-07E942004B26}.Release|Any CPU.Build.0 = Release|Any CPU
		{F87CD0C1-91FD-4CE5-A3EE-FFC3C3BD2D8C}.Debug|Any CPU.ActiveCfg = Debug|Any CPU
		{F87CD0C1-91FD-4CE5-A3EE-FFC3C3BD2D8C}.Debug|Any CPU.Build.0 = Debug|Any CPU
		{F87CD0C1-91FD-4CE5-A3EE-FFC3C3BD2D8C}.Release|Any CPU.ActiveCfg = Release|Any CPU
		{F87CD0C1-91FD-4CE5-A3EE-FFC3C3BD2D8C}.Release|Any CPU.Build.0 = Release|Any CPU
		{E85A0131-685D-4841-9CBF-B878006A2487}.Debug|Any CPU.ActiveCfg = Debug|Any CPU
		{E85A0131-685D-4841-9CBF-B878006A2487}.Debug|Any CPU.Build.0 = Debug|Any CPU
		{E85A0131-685D-4841-9CBF-B878006A2487}.Release|Any CPU.ActiveCfg = Release|Any CPU
		{E85A0131-685D-4841-9CBF-B878006A2487}.Release|Any CPU.Build.0 = Release|Any CPU
		{D4369614-AFF0-4D71-B3D6-BF896E53EF3B}.Debug|Any CPU.ActiveCfg = Debug|Any CPU
		{D4369614-AFF0-4D71-B3D6-BF896E53EF3B}.Debug|Any CPU.Build.0 = Debug|Any CPU
		{D4369614-AFF0-4D71-B3D6-BF896E53EF3B}.Release|Any CPU.ActiveCfg = Release|Any CPU
		{D4369614-AFF0-4D71-B3D6-BF896E53EF3B}.Release|Any CPU.Build.0 = Release|Any CPU
		{3CA75F7E-0FAD-49F4-9D28-1804B6084D2C}.Debug|Any CPU.ActiveCfg = Debug|Any CPU
		{3CA75F7E-0FAD-49F4-9D28-1804B6084D2C}.Debug|Any CPU.Build.0 = Debug|Any CPU
		{3CA75F7E-0FAD-49F4-9D28-1804B6084D2C}.Release|Any CPU.ActiveCfg = Release|Any CPU
		{3CA75F7E-0FAD-49F4-9D28-1804B6084D2C}.Release|Any CPU.Build.0 = Release|Any CPU
		{AACEF33D-52F6-4B63-B933-2C77CD164C14}.Debug|Any CPU.ActiveCfg = Debug|Any CPU
		{AACEF33D-52F6-4B63-B933-2C77CD164C14}.Debug|Any CPU.Build.0 = Debug|Any CPU
		{AACEF33D-52F6-4B63-B933-2C77CD164C14}.Release|Any CPU.ActiveCfg = Release|Any CPU
		{AACEF33D-52F6-4B63-B933-2C77CD164C14}.Release|Any CPU.Build.0 = Release|Any CPU
		{B538B027-650B-43CB-B64C-2690807F2097}.Debug|Any CPU.ActiveCfg = Debug|Any CPU
		{B538B027-650B-43CB-B64C-2690807F2097}.Debug|Any CPU.Build.0 = Debug|Any CPU
		{B538B027-650B-43CB-B64C-2690807F2097}.Release|Any CPU.ActiveCfg = Release|Any CPU
		{B538B027-650B-43CB-B64C-2690807F2097}.Release|Any CPU.Build.0 = Release|Any CPU
		{BA43B210-0BB0-4B47-B385-0EBAB6E81BFE}.Debug|Any CPU.ActiveCfg = Debug|Any CPU
		{BA43B210-0BB0-4B47-B385-0EBAB6E81BFE}.Debug|Any CPU.Build.0 = Debug|Any CPU
		{BA43B210-0BB0-4B47-B385-0EBAB6E81BFE}.Release|Any CPU.ActiveCfg = Release|Any CPU
		{BA43B210-0BB0-4B47-B385-0EBAB6E81BFE}.Release|Any CPU.Build.0 = Release|Any CPU
		{8E115024-BB73-4D69-A974-C43B9559CEDB}.Debug|Any CPU.ActiveCfg = Debug|Any CPU
		{8E115024-BB73-4D69-A974-C43B9559CEDB}.Debug|Any CPU.Build.0 = Debug|Any CPU
		{8E115024-BB73-4D69-A974-C43B9559CEDB}.Release|Any CPU.ActiveCfg = Release|Any CPU
		{8E115024-BB73-4D69-A974-C43B9559CEDB}.Release|Any CPU.Build.0 = Release|Any CPU
		{2E68E0C0-E942-4FBB-BDE4-9602FD8916B0}.Debug|Any CPU.ActiveCfg = Debug|Any CPU
		{2E68E0C0-E942-4FBB-BDE4-9602FD8916B0}.Debug|Any CPU.Build.0 = Debug|Any CPU
		{2E68E0C0-E942-4FBB-BDE4-9602FD8916B0}.Release|Any CPU.ActiveCfg = Release|Any CPU
		{2E68E0C0-E942-4FBB-BDE4-9602FD8916B0}.Release|Any CPU.Build.0 = Release|Any CPU
		{4B6ABA67-3898-492E-9B71-26DE1412825C}.Debug|Any CPU.ActiveCfg = Debug|Any CPU
		{4B6ABA67-3898-492E-9B71-26DE1412825C}.Debug|Any CPU.Build.0 = Debug|Any CPU
		{4B6ABA67-3898-492E-9B71-26DE1412825C}.Release|Any CPU.ActiveCfg = Release|Any CPU
		{4B6ABA67-3898-492E-9B71-26DE1412825C}.Release|Any CPU.Build.0 = Release|Any CPU
		{D0F15183-B7EE-4D35-8D94-3CFD77D507C4}.Debug|Any CPU.ActiveCfg = Debug|Any CPU
		{D0F15183-B7EE-4D35-8D94-3CFD77D507C4}.Debug|Any CPU.Build.0 = Debug|Any CPU
		{D0F15183-B7EE-4D35-8D94-3CFD77D507C4}.Release|Any CPU.ActiveCfg = Release|Any CPU
		{D0F15183-B7EE-4D35-8D94-3CFD77D507C4}.Release|Any CPU.Build.0 = Release|Any CPU
		{E390BA47-2A64-4174-A91F-FEC208A602F6}.Debug|Any CPU.ActiveCfg = Debug|Any CPU
		{E390BA47-2A64-4174-A91F-FEC208A602F6}.Debug|Any CPU.Build.0 = Debug|Any CPU
		{E390BA47-2A64-4174-A91F-FEC208A602F6}.Release|Any CPU.ActiveCfg = Release|Any CPU
		{E390BA47-2A64-4174-A91F-FEC208A602F6}.Release|Any CPU.Build.0 = Release|Any CPU
		{A75F7E4F-3E9A-4614-A5BF-B438C652B357}.Debug|Any CPU.ActiveCfg = Debug|Any CPU
		{A75F7E4F-3E9A-4614-A5BF-B438C652B357}.Debug|Any CPU.Build.0 = Debug|Any CPU
		{A75F7E4F-3E9A-4614-A5BF-B438C652B357}.Release|Any CPU.ActiveCfg = Release|Any CPU
		{A75F7E4F-3E9A-4614-A5BF-B438C652B357}.Release|Any CPU.Build.0 = Release|Any CPU
		{D8FC3CCA-22F1-4385-95EF-654AC4C24BF4}.Debug|Any CPU.ActiveCfg = Debug|Any CPU
		{D8FC3CCA-22F1-4385-95EF-654AC4C24BF4}.Debug|Any CPU.Build.0 = Debug|Any CPU
		{D8FC3CCA-22F1-4385-95EF-654AC4C24BF4}.Release|Any CPU.ActiveCfg = Release|Any CPU
		{D8FC3CCA-22F1-4385-95EF-654AC4C24BF4}.Release|Any CPU.Build.0 = Release|Any CPU
		{A18FABF4-F1FF-470F-8571-491B7DF4B10A}.Debug|Any CPU.ActiveCfg = Debug|Any CPU
		{A18FABF4-F1FF-470F-8571-491B7DF4B10A}.Debug|Any CPU.Build.0 = Debug|Any CPU
		{A18FABF4-F1FF-470F-8571-491B7DF4B10A}.Release|Any CPU.ActiveCfg = Release|Any CPU
		{A18FABF4-F1FF-470F-8571-491B7DF4B10A}.Release|Any CPU.Build.0 = Release|Any CPU
	EndGlobalSection
	GlobalSection(SolutionProperties) = preSolution
		HideSolutionNode = FALSE
	EndGlobalSection
EndGlobal
